
Microsoft Visual Studio Solution File, Format Version 10.00
# Visual Studio 2008
Project("{FAE04EC0-301F-11D3-BF4B-00C04F79EFBC}") = "NWN2TK", "NWN2TK.csproj", "{66C4F86F-BA6E-46AB-98E0-F6CE5D5C23E3}"
EndProject
Global
	GlobalSection(SolutionConfigurationPlatforms) = preSolution
		Debug|Any CPU = Debug|Any CPU
		Release|Any CPU = Release|Any CPU
	EndGlobalSection
	GlobalSection(ProjectConfigurationPlatforms) = postSolution
		{66C4F86F-BA6E-46AB-98E0-F6CE5D5C23E3}.Debug|Any CPU.ActiveCfg = Debug|Any CPU
		{66C4F86F-BA6E-46AB-98E0-F6CE5D5C23E3}.Debug|Any CPU.Build.0 = Debug|Any CPU
		{66C4F86F-BA6E-46AB-98E0-F6CE5D5C23E3}.Release|Any CPU.ActiveCfg = Release|Any CPU
		{66C4F86F-BA6E-46AB-98E0-F6CE5D5C23E3}.Release|Any CPU.Build.0 = Release|Any CPU
	EndGlobalSection
	GlobalSection(SolutionProperties) = preSolution
		HideSolutionNode = FALSE
	EndGlobalSection
EndGlobal
