
Microsoft Visual Studio Solution File, Format Version 12.00
# Visual Studio 15
VisualStudioVersion = 15.0.28307.757
MinimumVisualStudioVersion = 10.0.40219.1
Project("{FAE04EC0-301F-11D3-BF4B-00C04F79EFBC}") = "NWN2TK", "NWN2TK.csproj", "{66C4F86F-BA6E-46AB-98E0-F6CE5D5C23E3}"
EndProject
Global
	GlobalSection(SolutionConfigurationPlatforms) = preSolution
		Debug|Any CPU = Debug|Any CPU
		Release|Any CPU = Release|Any CPU
	EndGlobalSection
	GlobalSection(ProjectConfigurationPlatforms) = postSolution
		{66C4F86F-BA6E-46AB-98E0-F6CE5D5C23E3}.Debug|Any CPU.ActiveCfg = Debug|Any CPU
		{66C4F86F-BA6E-46AB-98E0-F6CE5D5C23E3}.Debug|Any CPU.Build.0 = Debug|Any CPU
		{66C4F86F-BA6E-46AB-98E0-F6CE5D5C23E3}.Release|Any CPU.ActiveCfg = Release|Any CPU
		{66C4F86F-BA6E-46AB-98E0-F6CE5D5C23E3}.Release|Any CPU.Build.0 = Release|Any CPU
	EndGlobalSection
	GlobalSection(SolutionProperties) = preSolution
		HideSolutionNode = FALSE
	EndGlobalSection
	GlobalSection(ExtensibilityGlobals) = postSolution
		SolutionGuid = {72938418-020C-4394-B6BE-06C69C9D6783}
	EndGlobalSection
EndGlobal
